{
  "pins" : [
    {
      "identity" : "codescanner",
      "kind" : "remoteSourceControl",
      "location" : "https://github.com/twostraws/CodeScanner",
      "state" : {
        "branch" : "main",
        "revision" : "65cd76bf88532eb4bfeaeb08981e87907e5f8da4"
      }
    }
  ],
  "version" : 2
}
