// !$*UTF8*$!
{
	archiveVersion = 1;
	classes = {
	};
	objectVersion = 56;
	objects = {

/* Begin PBXBuildFile section */
		3D9A00AA29CC611F00250C76 /* nomenclaturizeScannerApp.swift in Sources */ = {isa = PBXBuildFile; fileRef = 3D9A00A929CC611F00250C76 /* nomenclaturizeScannerApp.swift */; };
		3D9A00AC29CC611F00250C76 /* ContentView.swift in Sources */ = {isa = PBXBuildFile; fileRef = 3D9A00AB29CC611F00250C76 /* ContentView.swift */; };
		3D9A00AE29CC611F00250C76 /* Assets.xcassets in Resources */ = {isa = PBXBuildFile; fileRef = 3D9A00AD29CC611F00250C76 /* Assets.xcassets */; };
		3D9A00B129CC611F00250C76 /* Preview Assets.xcassets in Resources */ = {isa = PBXBuildFile; fileRef = 3D9A00B029CC611F00250C76 /* Preview Assets.xcassets */; };
		3D9A00BB29CC612000250C76 /* nomenclaturizeScannerTests.swift in Sources */ = {isa = PBXBuildFile; fileRef = 3D9A00BA29CC612000250C76 /* nomenclaturizeScannerTests.swift */; };
		3D9A00C529CC612000250C76 /* nomenclaturizeScannerUITests.swift in Sources */ = {isa = PBXBuildFile; fileRef = 3D9A00C429CC612000250C76 /* nomenclaturizeScannerUITests.swift */; };
		3D9A00C729CC612000250C76 /* nomenclaturizeScannerUITestsLaunchTests.swift in Sources */ = {isa = PBXBuildFile; fileRef = 3D9A00C629CC612000250C76 /* nomenclaturizeScannerUITestsLaunchTests.swift */; };
/* End PBXBuildFile section */

/* Begin PBXContainerItemProxy section */
		3D9A00B729CC612000250C76 /* PBXContainerItemProxy */ = {
			isa = PBXContainerItemProxy;
			containerPortal = 3D9A009E29CC611F00250C76 /* Project object */;
			proxyType = 1;
			remoteGlobalIDString = 3D9A00A529CC611F00250C76;
			remoteInfo = nomenclaturizeScanner;
		};
		3D9A00C129CC612000250C76 /* PBXContainerItemProxy */ = {
			isa = PBXContainerItemProxy;
			containerPortal = 3D9A009E29CC611F00250C76 /* Project object */;
			proxyType = 1;
			remoteGlobalIDString = 3D9A00A529CC611F00250C76;
			remoteInfo = nomenclaturizeScanner;
		};
/* End PBXContainerItemProxy section */

/* Begin PBXFileReference section */
		3D9A00A629CC611F00250C76 /* nomenclaturizeScanner.app */ = {isa = PBXFileReference; explicitFileType = wrapper.application; includeInIndex = 0; path = nomenclaturizeScanner.app; sourceTree = BUILT_PRODUCTS_DIR; };
		3D9A00A929CC611F00250C76 /* nomenclaturizeScannerApp.swift */ = {isa = PBXFileReference; lastKnownFileType = sourcecode.swift; path = nomenclaturizeScannerApp.swift; sourceTree = "<group>"; };
		3D9A00AB29CC611F00250C76 /* ContentView.swift */ = {isa = PBXFileReference; lastKnownFileType = sourcecode.swift; path = ContentView.swift; sourceTree = "<group>"; };
		3D9A00AD29CC611F00250C76 /* Assets.xcassets */ = {isa = PBXFileReference; lastKnownFileType = folder.assetcatalog; path = Assets.xcassets; sourceTree = "<group>"; };
		3D9A00B029CC611F00250C76 /* Preview Assets.xcassets */ = {isa = PBXFileReference; lastKnownFileType = folder.assetcatalog; path = "Preview Assets.xcassets"; sourceTree = "<group>"; };
		3D9A00B629CC612000250C76 /* nomenclaturizeScannerTests.xctest */ = {isa = PBXFileReference; explicitFileType = wrapper.cfbundle; includeInIndex = 0; path = nomenclaturizeScannerTests.xctest; sourceTree = BUILT_PRODUCTS_DIR; };
		3D9A00BA29CC612000250C76 /* nomenclaturizeScannerTests.swift */ = {isa = PBXFileReference; lastKnownFileType = sourcecode.swift; path = nomenclaturizeScannerTests.swift; sourceTree = "<group>"; };
		3D9A00C029CC612000250C76 /* nomenclaturizeScannerUITests.xctest */ = {isa = PBXFileReference; explicitFileType = wrapper.cfbundle; includeInIndex = 0; path = nomenclaturizeScannerUITests.xctest; sourceTree = BUILT_PRODUCTS_DIR; };
		3D9A00C429CC612000250C76 /* nomenclaturizeScannerUITests.swift */ = {isa = PBXFileReference; lastKnownFileType = sourcecode.swift; path = nomenclaturizeScannerUITests.swift; sourceTree = "<group>"; };
		3D9A00C629CC612000250C76 /* nomenclaturizeScannerUITestsLaunchTests.swift */ = {isa = PBXFileReference; lastKnownFileType = sourcecode.swift; path = nomenclaturizeScannerUITestsLaunchTests.swift; sourceTree = "<group>"; };
/* End PBXFileReference section */

/* Begin PBXFrameworksBuildPhase section */
		3D9A00A329CC611F00250C76 /* Frameworks */ = {
			isa = PBXFrameworksBuildPhase;
			buildActionMask = 2147483647;
			files = (
			);
			runOnlyForDeploymentPostprocessing = 0;
		};
		3D9A00B329CC612000250C76 /* Frameworks */ = {
			isa = PBXFrameworksBuildPhase;
			buildActionMask = 2147483647;
			files = (
			);
			runOnlyForDeploymentPostprocessing = 0;
		};
		3D9A00BD29CC612000250C76 /* Frameworks */ = {
			isa = PBXFrameworksBuildPhase;
			buildActionMask = 2147483647;
			files = (
			);
			runOnlyForDeploymentPostprocessing = 0;
		};
/* End PBXFrameworksBuildPhase section */

/* Begin PBXGroup section */
		3D9A009D29CC611F00250C76 = {
			isa = PBXGroup;
			children = (
				3D9A00A829CC611F00250C76 /* nomenclaturizeScanner */,
				3D9A00B929CC612000250C76 /* nomenclaturizeScannerTests */,
				3D9A00C329CC612000250C76 /* nomenclaturizeScannerUITests */,
				3D9A00A729CC611F00250C76 /* Products */,
			);
			sourceTree = "<group>";
		};
		3D9A00A729CC611F00250C76 /* Products */ = {
			isa = PBXGroup;
			children = (
				3D9A00A629CC611F00250C76 /* nomenclaturizeScanner.app */,
				3D9A00B629CC612000250C76 /* nomenclaturizeScannerTests.xctest */,
				3D9A00C029CC612000250C76 /* nomenclaturizeScannerUITests.xctest */,
			);
			name = Products;
			sourceTree = "<group>";
		};
		3D9A00A829CC611F00250C76 /* nomenclaturizeScanner */ = {
			isa = PBXGroup;
			children = (
				3D9A00A929CC611F00250C76 /* nomenclaturizeScannerApp.swift */,
				3D9A00AB29CC611F00250C76 /* ContentView.swift */,
				3D9A00AD29CC611F00250C76 /* Assets.xcassets */,
				3D9A00AF29CC611F00250C76 /* Preview Content */,
			);
			path = nomenclaturizeScanner;
			sourceTree = "<group>";
		};
		3D9A00AF29CC611F00250C76 /* Preview Content */ = {
			isa = PBXGroup;
			children = (
				3D9A00B029CC611F00250C76 /* Preview Assets.xcassets */,
			);
			path = "Preview Content";
			sourceTree = "<group>";
		};
		3D9A00B929CC612000250C76 /* nomenclaturizeScannerTests */ = {
			isa = PBXGroup;
			children = (
				3D9A00BA29CC612000250C76 /* nomenclaturizeScannerTests.swift */,
			);
			path = nomenclaturizeScannerTests;
			sourceTree = "<group>";
		};
		3D9A00C329CC612000250C76 /* nomenclaturizeScannerUITests */ = {
			isa = PBXGroup;
			children = (
				3D9A00C429CC612000250C76 /* nomenclaturizeScannerUITests.swift */,
				3D9A00C629CC612000250C76 /* nomenclaturizeScannerUITestsLaunchTests.swift */,
			);
			path = nomenclaturizeScannerUITests;
			sourceTree = "<group>";
		};
/* End PBXGroup section */

/* Begin PBXNativeTarget section */
		3D9A00A529CC611F00250C76 /* nomenclaturizeScanner */ = {
			isa = PBXNativeTarget;
			buildConfigurationList = 3D9A00CA29CC612000250C76 /* Build configuration list for PBXNativeTarget "nomenclaturizeScanner" */;
			buildPhases = (
				3D9A00A229CC611F00250C76 /* Sources */,
				3D9A00A329CC611F00250C76 /* Frameworks */,
				3D9A00A429CC611F00250C76 /* Resources */,
			);
			buildRules = (
			);
			dependencies = (
			);
			name = nomenclaturizeScanner;
			productName = nomenclaturizeScanner;
			productReference = 3D9A00A629CC611F00250C76 /* nomenclaturizeScanner.app */;
			productType = "com.apple.product-type.application";
		};
		3D9A00B529CC612000250C76 /* nomenclaturizeScannerTests */ = {
			isa = PBXNativeTarget;
			buildConfigurationList = 3D9A00CD29CC612000250C76 /* Build configuration list for PBXNativeTarget "nomenclaturizeScannerTests" */;
			buildPhases = (
				3D9A00B229CC612000250C76 /* Sources */,
				3D9A00B329CC612000250C76 /* Frameworks */,
				3D9A00B429CC612000250C76 /* Resources */,
			);
			buildRules = (
			);
			dependencies = (
				3D9A00B829CC612000250C76 /* PBXTargetDependency */,
			);
			name = nomenclaturizeScannerTests;
			productName = nomenclaturizeScannerTests;
			productReference = 3D9A00B629CC612000250C76 /* nomenclaturizeScannerTests.xctest */;
			productType = "com.apple.product-type.bundle.unit-test";
		};
		3D9A00BF29CC612000250C76 /* nomenclaturizeScannerUITests */ = {
			isa = PBXNativeTarget;
			buildConfigurationList = 3D9A00D029CC612000250C76 /* Build configuration list for PBXNativeTarget "nomenclaturizeScannerUITests" */;
			buildPhases = (
				3D9A00BC29CC612000250C76 /* Sources */,
				3D9A00BD29CC612000250C76 /* Frameworks */,
				3D9A00BE29CC612000250C76 /* Resources */,
			);
			buildRules = (
			);
			dependencies = (
				3D9A00C229CC612000250C76 /* PBXTargetDependency */,
			);
			name = nomenclaturizeScannerUITests;
			productName = nomenclaturizeScannerUITests;
			productReference = 3D9A00C029CC612000250C76 /* nomenclaturizeScannerUITests.xctest */;
			productType = "com.apple.product-type.bundle.ui-testing";
		};
/* End PBXNativeTarget section */

/* Begin PBXProject section */
		3D9A009E29CC611F00250C76 /* Project object */ = {
			isa = PBXProject;
			attributes = {
				BuildIndependentTargetsInParallel = 1;
				LastSwiftUpdateCheck = 1420;
				LastUpgradeCheck = 1420;
				TargetAttributes = {
					3D9A00A529CC611F00250C76 = {
						CreatedOnToolsVersion = 14.2;
					};
					3D9A00B529CC612000250C76 = {
						CreatedOnToolsVersion = 14.2;
						TestTargetID = 3D9A00A529CC611F00250C76;
					};
					3D9A00BF29CC612000250C76 = {
						CreatedOnToolsVersion = 14.2;
						TestTargetID = 3D9A00A529CC611F00250C76;
					};
				};
			};
			buildConfigurationList = 3D9A00A129CC611F00250C76 /* Build configuration list for PBXProject "nomenclaturizeScanner" */;
			compatibilityVersion = "Xcode 14.0";
			developmentRegion = en;
			hasScannedForEncodings = 0;
			knownRegions = (
				en,
				Base,
			);
			mainGroup = 3D9A009D29CC611F00250C76;
			productRefGroup = 3D9A00A729CC611F00250C76 /* Products */;
			projectDirPath = "";
			projectRoot = "";
			targets = (
				3D9A00A529CC611F00250C76 /* nomenclaturizeScanner */,
				3D9A00B529CC612000250C76 /* nomenclaturizeScannerTests */,
				3D9A00BF29CC612000250C76 /* nomenclaturizeScannerUITests */,
			);
		};
/* End PBXProject section */

/* Begin PBXResourcesBuildPhase section */
		3D9A00A429CC611F00250C76 /* Resources */ = {
			isa = PBXResourcesBuildPhase;
			buildActionMask = 2147483647;
			files = (
				3D9A00B129CC611F00250C76 /* Preview Assets.xcassets in Resources */,
				3D9A00AE29CC611F00250C76 /* Assets.xcassets in Resources */,
			);
			runOnlyForDeploymentPostprocessing = 0;
		};
		3D9A00B429CC612000250C76 /* Resources */ = {
			isa = PBXResourcesBuildPhase;
			buildActionMask = 2147483647;
			files = (
			);
			runOnlyForDeploymentPostprocessing = 0;
		};
		3D9A00BE29CC612000250C76 /* Resources */ = {
			isa = PBXResourcesBuildPhase;
			buildActionMask = 2147483647;
			files = (
			);
			runOnlyForDeploymentPostprocessing = 0;
		};
/* End PBXResourcesBuildPhase section */

/* Begin PBXSourcesBuildPhase section */
		3D9A00A229CC611F00250C76 /* Sources */ = {
			isa = PBXSourcesBuildPhase;
			buildActionMask = 2147483647;
			files = (
				3D9A00AC29CC611F00250C76 /* ContentView.swift in Sources */,
				3D9A00AA29CC611F00250C76 /* nomenclaturizeScannerApp.swift in Sources */,
			);
			runOnlyForDeploymentPostprocessing = 0;
		};
		3D9A00B229CC612000250C76 /* Sources */ = {
			isa = PBXSourcesBuildPhase;
			buildActionMask = 2147483647;
			files = (
				3D9A00BB29CC612000250C76 /* nomenclaturizeScannerTests.swift in Sources */,
			);
			runOnlyForDeploymentPostprocessing = 0;
		};
		3D9A00BC29CC612000250C76 /* Sources */ = {
			isa = PBXSourcesBuildPhase;
			buildActionMask = 2147483647;
			files = (
				3D9A00C529CC612000250C76 /* nomenclaturizeScannerUITests.swift in Sources */,
				3D9A00C729CC612000250C76 /* nomenclaturizeScannerUITestsLaunchTests.swift in Sources */,
			);
			runOnlyForDeploymentPostprocessing = 0;
		};
/* End PBXSourcesBuildPhase section */

/* Begin PBXTargetDependency section */
		3D9A00B829CC612000250C76 /* PBXTargetDependency */ = {
			isa = PBXTargetDependency;
			target = 3D9A00A529CC611F00250C76 /* nomenclaturizeScanner */;
			targetProxy = 3D9A00B729CC612000250C76 /* PBXContainerItemProxy */;
		};
		3D9A00C229CC612000250C76 /* PBXTargetDependency */ = {
			isa = PBXTargetDependency;
			target = 3D9A00A529CC611F00250C76 /* nomenclaturizeScanner */;
			targetProxy = 3D9A00C129CC612000250C76 /* PBXContainerItemProxy */;
		};
/* End PBXTargetDependency section */

/* Begin XCBuildConfiguration section */
		3D9A00C829CC612000250C76 /* Debug */ = {
			isa = XCBuildConfiguration;
			buildSettings = {
				ALWAYS_SEARCH_USER_PATHS = NO;
				CLANG_ANALYZER_NONNULL = YES;
				CLANG_ANALYZER_NUMBER_OBJECT_CONVERSION = YES_AGGRESSIVE;
				CLANG_CXX_LANGUAGE_STANDARD = "gnu++20";
				CLANG_ENABLE_MODULES = YES;
				CLANG_ENABLE_OBJC_ARC = YES;
				CLANG_ENABLE_OBJC_WEAK = YES;
				CLANG_WARN_BLOCK_CAPTURE_AUTORELEASING = YES;
				CLANG_WARN_BOOL_CONVERSION = YES;
				CLANG_WARN_COMMA = YES;
				CLANG_WARN_CONSTANT_CONVERSION = YES;
				CLANG_WARN_DEPRECATED_OBJC_IMPLEMENTATIONS = YES;
				CLANG_WARN_DIRECT_OBJC_ISA_USAGE = YES_ERROR;
				CLANG_WARN_DOCUMENTATION_COMMENTS = YES;
				CLANG_WARN_EMPTY_BODY = YES;
				CLANG_WARN_ENUM_CONVERSION = YES;
				CLANG_WARN_INFINITE_RECURSION = YES;
				CLANG_WARN_INT_CONVERSION = YES;
				CLANG_WARN_NON_LITERAL_NULL_CONVERSION = YES;
				CLANG_WARN_OBJC_IMPLICIT_RETAIN_SELF = YES;
				CLANG_WARN_OBJC_LITERAL_CONVERSION = YES;
				CLANG_WARN_OBJC_ROOT_CLASS = YES_ERROR;
				CLANG_WARN_QUOTED_INCLUDE_IN_FRAMEWORK_HEADER = YES;
				CLANG_WARN_RANGE_LOOP_ANALYSIS = YES;
				CLANG_WARN_STRICT_PROTOTYPES = YES;
				CLANG_WARN_SUSPICIOUS_MOVE = YES;
				CLANG_WARN_UNGUARDED_AVAILABILITY = YES_AGGRESSIVE;
				CLANG_WARN_UNREACHABLE_CODE = YES;
				CLANG_WARN__DUPLICATE_METHOD_MATCH = YES;
				COPY_PHASE_STRIP = NO;
				DEBUG_INFORMATION_FORMAT = dwarf;
				ENABLE_STRICT_OBJC_MSGSEND = YES;
				ENABLE_TESTABILITY = YES;
				GCC_C_LANGUAGE_STANDARD = gnu11;
				GCC_DYNAMIC_NO_PIC = NO;
				GCC_NO_COMMON_BLOCKS = YES;
				GCC_OPTIMIZATION_LEVEL = 0;
				GCC_PREPROCESSOR_DEFINITIONS = (
					"DEBUG=1",
					"$(inherited)",
				);
				GCC_WARN_64_TO_32_BIT_CONVERSION = YES;
				GCC_WARN_ABOUT_RETURN_TYPE = YES_ERROR;
				GCC_WARN_UNDECLARED_SELECTOR = YES;
				GCC_WARN_UNINITIALIZED_AUTOS = YES_AGGRESSIVE;
				GCC_WARN_UNUSED_FUNCTION = YES;
				GCC_WARN_UNUSED_VARIABLE = YES;
				IPHONEOS_DEPLOYMENT_TARGET = 16.2;
				MTL_ENABLE_DEBUG_INFO = INCLUDE_SOURCE;
				MTL_FAST_MATH = YES;
				ONLY_ACTIVE_ARCH = YES;
				SDKROOT = iphoneos;
				SWIFT_ACTIVE_COMPILATION_CONDITIONS = DEBUG;
				SWIFT_OPTIMIZATION_LEVEL = "-Onone";
			};
			name = Debug;
		};
		3D9A00C929CC612000250C76 /* Release */ = {
			isa = XCBuildConfiguration;
			buildSettings = {
				ALWAYS_SEARCH_USER_PATHS = NO;
				CLANG_ANALYZER_NONNULL = YES;
				CLANG_ANALYZER_NUMBER_OBJECT_CONVERSION = YES_AGGRESSIVE;
				CLANG_CXX_LANGUAGE_STANDARD = "gnu++20";
				CLANG_ENABLE_MODULES = YES;
				CLANG_ENABLE_OBJC_ARC = YES;
				CLANG_ENABLE_OBJC_WEAK = YES;
				CLANG_WARN_BLOCK_CAPTURE_AUTORELEASING = YES;
				CLANG_WARN_BOOL_CONVERSION = YES;
				CLANG_WARN_COMMA = YES;
				CLANG_WARN_CONSTANT_CONVERSION = YES;
				CLANG_WARN_DEPRECATED_OBJC_IMPLEMENTATIONS = YES;
				CLANG_WARN_DIRECT_OBJC_ISA_USAGE = YES_ERROR;
				CLANG_WARN_DOCUMENTATION_COMMENTS = YES;
				CLANG_WARN_EMPTY_BODY = YES;
				CLANG_WARN_ENUM_CONVERSION = YES;
				CLANG_WARN_INFINITE_RECURSION = YES;
				CLANG_WARN_INT_CONVERSION = YES;
				CLANG_WARN_NON_LITERAL_NULL_CONVERSION = YES;
				CLANG_WARN_OBJC_IMPLICIT_RETAIN_SELF = YES;
				CLANG_WARN_OBJC_LITERAL_CONVERSION = YES;
				CLANG_WARN_OBJC_ROOT_CLASS = YES_ERROR;
				CLANG_WARN_QUOTED_INCLUDE_IN_FRAMEWORK_HEADER = YES;
				CLANG_WARN_RANGE_LOOP_ANALYSIS = YES;
				CLANG_WARN_STRICT_PROTOTYPES = YES;
				CLANG_WARN_SUSPICIOUS_MOVE = YES;
				CLANG_WARN_UNGUARDED_AVAILABILITY = YES_AGGRESSIVE;
				CLANG_WARN_UNREACHABLE_CODE = YES;
				CLANG_WARN__DUPLICATE_METHOD_MATCH = YES;
				COPY_PHASE_STRIP = NO;
				DEBUG_INFORMATION_FORMAT = "dwarf-with-dsym";
				ENABLE_NS_ASSERTIONS = NO;
				ENABLE_STRICT_OBJC_MSGSEND = YES;
				GCC_C_LANGUAGE_STANDARD = gnu11;
				GCC_NO_COMMON_BLOCKS = YES;
				GCC_WARN_64_TO_32_BIT_CONVERSION = YES;
				GCC_WARN_ABOUT_RETURN_TYPE = YES_ERROR;
				GCC_WARN_UNDECLARED_SELECTOR = YES;
				GCC_WARN_UNINITIALIZED_AUTOS = YES_AGGRESSIVE;
				GCC_WARN_UNUSED_FUNCTION = YES;
				GCC_WARN_UNUSED_VARIABLE = YES;
				IPHONEOS_DEPLOYMENT_TARGET = 16.2;
				MTL_ENABLE_DEBUG_INFO = NO;
				MTL_FAST_MATH = YES;
				SDKROOT = iphoneos;
				SWIFT_COMPILATION_MODE = wholemodule;
				SWIFT_OPTIMIZATION_LEVEL = "-O";
				VALIDATE_PRODUCT = YES;
			};
			name = Release;
		};
		3D9A00CB29CC612000250C76 /* Debug */ = {
			isa = XCBuildConfiguration;
			buildSettings = {
				ASSETCATALOG_COMPILER_APPICON_NAME = AppIcon;
				ASSETCATALOG_COMPILER_GLOBAL_ACCENT_COLOR_NAME = AccentColor;
				CODE_SIGN_STYLE = Automatic;
				CURRENT_PROJECT_VERSION = 1;
				DEVELOPMENT_ASSET_PATHS = "\"nomenclaturizeScanner/Preview Content\"";
				DEVELOPMENT_TEAM = PRRX6VUH92;
				ENABLE_PREVIEWS = YES;
				GENERATE_INFOPLIST_FILE = YES;
				INFOPLIST_KEY_UIApplicationSceneManifest_Generation = YES;
				INFOPLIST_KEY_UIApplicationSupportsIndirectInputEvents = YES;
				INFOPLIST_KEY_UILaunchScreen_Generation = YES;
				INFOPLIST_KEY_UISupportedInterfaceOrientations_iPad = "UIInterfaceOrientationPortrait UIInterfaceOrientationPortraitUpsideDown UIInterfaceOrientationLandscapeLeft UIInterfaceOrientationLandscapeRight";
				INFOPLIST_KEY_UISupportedInterfaceOrientations_iPhone = "UIInterfaceOrientationPortrait UIInterfaceOrientationLandscapeLeft UIInterfaceOrientationLandscapeRight";
				LD_RUNPATH_SEARCH_PATHS = (
					"$(inherited)",
					"@executable_path/Frameworks",
				);
				MARKETING_VERSION = 1.0;
				PRODUCT_BUNDLE_IDENTIFIER = com.metalizz..nomenclaturizeScanner;
				PRODUCT_NAME = "$(TARGET_NAME)";
				SWIFT_EMIT_LOC_STRINGS = YES;
				SWIFT_VERSION = 5.0;
				TARGETED_DEVICE_FAMILY = "1,2";
			};
			name = Debug;
		};
		3D9A00CC29CC612000250C76 /* Release */ = {
			isa = XCBuildConfiguration;
			buildSettings = {
				ASSETCATALOG_COMPILER_APPICON_NAME = AppIcon;
				ASSETCATALOG_COMPILER_GLOBAL_ACCENT_COLOR_NAME = AccentColor;
				CODE_SIGN_STYLE = Automatic;
				CURRENT_PROJECT_VERSION = 1;
				DEVELOPMENT_ASSET_PATHS = "\"nomenclaturizeScanner/Preview Content\"";
				DEVELOPMENT_TEAM = PRRX6VUH92;
				ENABLE_PREVIEWS = YES;
				GENERATE_INFOPLIST_FILE = YES;
				INFOPLIST_KEY_UIApplicationSceneManifest_Generation = YES;
				INFOPLIST_KEY_UIApplicationSupportsIndirectInputEvents = YES;
				INFOPLIST_KEY_UILaunchScreen_Generation = YES;
				INFOPLIST_KEY_UISupportedInterfaceOrientations_iPad = "UIInterfaceOrientationPortrait UIInterfaceOrientationPortraitUpsideDown UIInterfaceOrientationLandscapeLeft UIInterfaceOrientationLandscapeRight";
				INFOPLIST_KEY_UISupportedInterfaceOrientations_iPhone = "UIInterfaceOrientationPortrait UIInterfaceOrientationLandscapeLeft UIInterfaceOrientationLandscapeRight";
				LD_RUNPATH_SEARCH_PATHS = (
					"$(inherited)",
					"@executable_path/Frameworks",
				);
				MARKETING_VERSION = 1.0;
				PRODUCT_BUNDLE_IDENTIFIER = com.metalizz..nomenclaturizeScanner;
				PRODUCT_NAME = "$(TARGET_NAME)";
				SWIFT_EMIT_LOC_STRINGS = YES;
				SWIFT_VERSION = 5.0;
				TARGETED_DEVICE_FAMILY = "1,2";
			};
			name = Release;
		};
		3D9A00CE29CC612000250C76 /* Debug */ = {
			isa = XCBuildConfiguration;
			buildSettings = {
				ALWAYS_EMBED_SWIFT_STANDARD_LIBRARIES = YES;
				BUNDLE_LOADER = "$(TEST_HOST)";
				CODE_SIGN_STYLE = Automatic;
				CURRENT_PROJECT_VERSION = 1;
				DEVELOPMENT_TEAM = PRRX6VUH92;
				GENERATE_INFOPLIST_FILE = YES;
				IPHONEOS_DEPLOYMENT_TARGET = 16.2;
				MARKETING_VERSION = 1.0;
				PRODUCT_BUNDLE_IDENTIFIER = com.metalizz..nomenclaturizeScannerTests;
				PRODUCT_NAME = "$(TARGET_NAME)";
				SWIFT_EMIT_LOC_STRINGS = NO;
				SWIFT_VERSION = 5.0;
				TARGETED_DEVICE_FAMILY = "1,2";
				TEST_HOST = "$(BUILT_PRODUCTS_DIR)/nomenclaturizeScanner.app/$(BUNDLE_EXECUTABLE_FOLDER_PATH)/nomenclaturizeScanner";
			};
			name = Debug;
		};
		3D9A00CF29CC612000250C76 /* Release */ = {
			isa = XCBuildConfiguration;
			buildSettings = {
				ALWAYS_EMBED_SWIFT_STANDARD_LIBRARIES = YES;
				BUNDLE_LOADER = "$(TEST_HOST)";
				CODE_SIGN_STYLE = Automatic;
				CURRENT_PROJECT_VERSION = 1;
				DEVELOPMENT_TEAM = PRRX6VUH92;
				GENERATE_INFOPLIST_FILE = YES;
				IPHONEOS_DEPLOYMENT_TARGET = 16.2;
				MARKETING_VERSION = 1.0;
				PRODUCT_BUNDLE_IDENTIFIER = com.metalizz..nomenclaturizeScannerTests;
				PRODUCT_NAME = "$(TARGET_NAME)";
				SWIFT_EMIT_LOC_STRINGS = NO;
				SWIFT_VERSION = 5.0;
				TARGETED_DEVICE_FAMILY = "1,2";
				TEST_HOST = "$(BUILT_PRODUCTS_DIR)/nomenclaturizeScanner.app/$(BUNDLE_EXECUTABLE_FOLDER_PATH)/nomenclaturizeScanner";
			};
			name = Release;
		};
		3D9A00D129CC612000250C76 /* Debug */ = {
			isa = XCBuildConfiguration;
			buildSettings = {
				ALWAYS_EMBED_SWIFT_STANDARD_LIBRARIES = YES;
				CODE_SIGN_STYLE = Automatic;
				CURRENT_PROJECT_VERSION = 1;
				DEVELOPMENT_TEAM = PRRX6VUH92;
				GENERATE_INFOPLIST_FILE = YES;
				MARKETING_VERSION = 1.0;
				PRODUCT_BUNDLE_IDENTIFIER = com.metalizz..nomenclaturizeScannerUITests;
				PRODUCT_NAME = "$(TARGET_NAME)";
				SWIFT_EMIT_LOC_STRINGS = NO;
				SWIFT_VERSION = 5.0;
				TARGETED_DEVICE_FAMILY = "1,2";
				TEST_TARGET_NAME = nomenclaturizeScanner;
			};
			name = Debug;
		};
		3D9A00D229CC612000250C76 /* Release */ = {
			isa = XCBuildConfiguration;
			buildSettings = {
				ALWAYS_EMBED_SWIFT_STANDARD_LIBRARIES = YES;
				CODE_SIGN_STYLE = Automatic;
				CURRENT_PROJECT_VERSION = 1;
				DEVELOPMENT_TEAM = PRRX6VUH92;
				GENERATE_INFOPLIST_FILE = YES;
				MARKETING_VERSION = 1.0;
				PRODUCT_BUNDLE_IDENTIFIER = com.metalizz..nomenclaturizeScannerUITests;
				PRODUCT_NAME = "$(TARGET_NAME)";
				SWIFT_EMIT_LOC_STRINGS = NO;
				SWIFT_VERSION = 5.0;
				TARGETED_DEVICE_FAMILY = "1,2";
				TEST_TARGET_NAME = nomenclaturizeScanner;
			};
			name = Release;
		};
/* End XCBuildConfiguration section */

/* Begin XCConfigurationList section */
		3D9A00A129CC611F00250C76 /* Build configuration list for PBXProject "nomenclaturizeScanner" */ = {
			isa = XCConfigurationList;
			buildConfigurations = (
				3D9A00C829CC612000250C76 /* Debug */,
				3D9A00C929CC612000250C76 /* Release */,
			);
			defaultConfigurationIsVisible = 0;
			defaultConfigurationName = Release;
		};
		3D9A00CA29CC612000250C76 /* Build configuration list for PBXNativeTarget "nomenclaturizeScanner" */ = {
			isa = XCConfigurationList;
			buildConfigurations = (
				3D9A00CB29CC612000250C76 /* Debug */,
				3D9A00CC29CC612000250C76 /* Release */,
			);
			defaultConfigurationIsVisible = 0;
			defaultConfigurationName = Release;
		};
		3D9A00CD29CC612000250C76 /* Build configuration list for PBXNativeTarget "nomenclaturizeScannerTests" */ = {
			isa = XCConfigurationList;
			buildConfigurations = (
				3D9A00CE29CC612000250C76 /* Debug */,
				3D9A00CF29CC612000250C76 /* Release */,
			);
			defaultConfigurationIsVisible = 0;
			defaultConfigurationName = Release;
		};
		3D9A00D029CC612000250C76 /* Build configuration list for PBXNativeTarget "nomenclaturizeScannerUITests" */ = {
			isa = XCConfigurationList;
			buildConfigurations = (
				3D9A00D129CC612000250C76 /* Debug */,
				3D9A00D229CC612000250C76 /* Release */,
			);
			defaultConfigurationIsVisible = 0;
			defaultConfigurationName = Release;
		};
/* End XCConfigurationList section */
	};
	rootObject = 3D9A009E29CC611F00250C76 /* Project object */;
}
